
Microsoft Visual Studio Solution File, Format Version 12.00
# Visual Studio Version 16
VisualStudioVersion = 16.0.30503.244
MinimumVisualStudioVersion = 15.0.26124.0
Project("{9A19103F-16F7-4668-BE54-9A1E7A4F7556}") = "SportsStop", "SportsStop\SportsStop.csproj", "{3251F55C-F1BA-426A-A8FA-E9FF82D8F462}"
EndProject
Project("{9A19103F-16F7-4668-BE54-9A1E7A4F7556}") = "SportsStop.Tests", "SportsStop.Tests\SportsStop.Tests.csproj", "{CD566166-B3F5-4B72-86B2-EEF0631B414D}"
EndProject
Global
	GlobalSection(SolutionConfigurationPlatforms) = preSolution
		Debug|Any CPU = Debug|Any CPU
		Debug|x64 = Debug|x64
		Debug|x86 = Debug|x86
		Release|Any CPU = Release|Any CPU
		Release|x64 = Release|x64
		Release|x86 = Release|x86
	EndGlobalSection
	GlobalSection(ProjectConfigurationPlatforms) = postSolution
		{3251F55C-F1BA-426A-A8FA-E9FF82D8F462}.Debug|Any CPU.ActiveCfg = Debug|Any CPU
		{3251F55C-F1BA-426A-A8FA-E9FF82D8F462}.Debug|Any CPU.Build.0 = Debug|Any CPU
		{3251F55C-F1BA-426A-A8FA-E9FF82D8F462}.Debug|x64.ActiveCfg = Debug|Any CPU
		{3251F55C-F1BA-426A-A8FA-E9FF82D8F462}.Debug|x64.Build.0 = Debug|Any CPU
		{3251F55C-F1BA-426A-A8FA-E9FF82D8F462}.Debug|x86.ActiveCfg = Debug|Any CPU
		{3251F55C-F1BA-426A-A8FA-E9FF82D8F462}.Debug|x86.Build.0 = Debug|Any CPU
		{3251F55C-F1BA-426A-A8FA-E9FF82D8F462}.Release|Any CPU.ActiveCfg = Release|Any CPU
		{3251F55C-F1BA-426A-A8FA-E9FF82D8F462}.Release|Any CPU.Build.0 = Release|Any CPU
		{3251F55C-F1BA-426A-A8FA-E9FF82D8F462}.Release|x64.ActiveCfg = Release|Any CPU
		{3251F55C-F1BA-426A-A8FA-E9FF82D8F462}.Release|x64.Build.0 = Release|Any CPU
		{3251F55C-F1BA-426A-A8FA-E9FF82D8F462}.Release|x86.ActiveCfg = Release|Any CPU
		{3251F55C-F1BA-426A-A8FA-E9FF82D8F462}.Release|x86.Build.0 = Release|Any CPU
		{CD566166-B3F5-4B72-86B2-EEF0631B414D}.Debug|Any CPU.ActiveCfg = Debug|Any CPU
		{CD566166-B3F5-4B72-86B2-EEF0631B414D}.Debug|Any CPU.Build.0 = Debug|Any CPU
		{CD566166-B3F5-4B72-86B2-EEF0631B414D}.Debug|x64.ActiveCfg = Debug|Any CPU
		{CD566166-B3F5-4B72-86B2-EEF0631B414D}.Debug|x64.Build.0 = Debug|Any CPU
		{CD566166-B3F5-4B72-86B2-EEF0631B414D}.Debug|x86.ActiveCfg = Debug|Any CPU
		{CD566166-B3F5-4B72-86B2-EEF0631B414D}.Debug|x86.Build.0 = Debug|Any CPU
		{CD566166-B3F5-4B72-86B2-EEF0631B414D}.Release|Any CPU.ActiveCfg = Release|Any CPU
		{CD566166-B3F5-4B72-86B2-EEF0631B414D}.Release|Any CPU.Build.0 = Release|Any CPU
		{CD566166-B3F5-4B72-86B2-EEF0631B414D}.Release|x64.ActiveCfg = Release|Any CPU
		{CD566166-B3F5-4B72-86B2-EEF0631B414D}.Release|x64.Build.0 = Release|Any CPU
		{CD566166-B3F5-4B72-86B2-EEF0631B414D}.Release|x86.ActiveCfg = Release|Any CPU
		{CD566166-B3F5-4B72-86B2-EEF0631B414D}.Release|x86.Build.0 = Release|Any CPU
	EndGlobalSection
	GlobalSection(SolutionProperties) = preSolution
		HideSolutionNode = FALSE
	EndGlobalSection
	GlobalSection(ExtensibilityGlobals) = postSolution
		SolutionGuid = {4EDA930B-60B8-4193-83C2-28221FF68CD4}
	EndGlobalSection
EndGlobal
